
Microsoft Visual Studio Solution File, Format Version 12.00
Project("{FAE04EC0-301F-11D3-BF4B-00C04F79EFBC}") = "Array", "Array\Array.csproj", "{FFC0641E-2B00-486C-BF55-6BF7D8189E1F}"
EndProject
Project("{FAE04EC0-301F-11D3-BF4B-00C04F79EFBC}") = "Function", "Function\Function.csproj", "{0248128E-2748-44B4-AF4A-C21DDB029454}"
EndProject
Project("{FAE04EC0-301F-11D3-BF4B-00C04F79EFBC}") = "DotNetAPI", "DotNetAPI\DotNetAPI.csproj", "{B9F08553-CC5A-42B7-B4D3-0393076775C0}"
EndProject
Project("{FAE04EC0-301F-11D3-BF4B-00C04F79EFBC}") = "Struct", "Struct\Struct.csproj", "{73AF2F40-7E58-480A-A4A3-AA4ABBCDB0FA}"
EndProject
Project("{FAE04EC0-301F-11D3-BF4B-00C04F79EFBC}") = "Enumerate", "Enumerate\Enumerate.csproj", "{04FC8C2C-607D-4402-B2BA-9734DE64E3C3}"
EndProject
Project("{FAE04EC0-301F-11D3-BF4B-00C04F79EFBC}") = "Class", "Class\Class.csproj", "{51123FC9-AF8E-4555-91B7-0E5FDE039A67}"
EndProject
Global
	GlobalSection(SolutionConfigurationPlatforms) = preSolution
		Debug|Any CPU = Debug|Any CPU
		Release|Any CPU = Release|Any CPU
	EndGlobalSection
	GlobalSection(ProjectConfigurationPlatforms) = postSolution
		{FFC0641E-2B00-486C-BF55-6BF7D8189E1F}.Debug|Any CPU.ActiveCfg = Debug|Any CPU
		{FFC0641E-2B00-486C-BF55-6BF7D8189E1F}.Debug|Any CPU.Build.0 = Debug|Any CPU
		{FFC0641E-2B00-486C-BF55-6BF7D8189E1F}.Release|Any CPU.ActiveCfg = Release|Any CPU
		{FFC0641E-2B00-486C-BF55-6BF7D8189E1F}.Release|Any CPU.Build.0 = Release|Any CPU
		{0248128E-2748-44B4-AF4A-C21DDB029454}.Debug|Any CPU.ActiveCfg = Debug|Any CPU
		{0248128E-2748-44B4-AF4A-C21DDB029454}.Debug|Any CPU.Build.0 = Debug|Any CPU
		{0248128E-2748-44B4-AF4A-C21DDB029454}.Release|Any CPU.ActiveCfg = Release|Any CPU
		{0248128E-2748-44B4-AF4A-C21DDB029454}.Release|Any CPU.Build.0 = Release|Any CPU
		{B9F08553-CC5A-42B7-B4D3-0393076775C0}.Debug|Any CPU.ActiveCfg = Debug|Any CPU
		{B9F08553-CC5A-42B7-B4D3-0393076775C0}.Debug|Any CPU.Build.0 = Debug|Any CPU
		{B9F08553-CC5A-42B7-B4D3-0393076775C0}.Release|Any CPU.ActiveCfg = Release|Any CPU
		{B9F08553-CC5A-42B7-B4D3-0393076775C0}.Release|Any CPU.Build.0 = Release|Any CPU
		{73AF2F40-7E58-480A-A4A3-AA4ABBCDB0FA}.Debug|Any CPU.ActiveCfg = Debug|Any CPU
		{73AF2F40-7E58-480A-A4A3-AA4ABBCDB0FA}.Debug|Any CPU.Build.0 = Debug|Any CPU
		{73AF2F40-7E58-480A-A4A3-AA4ABBCDB0FA}.Release|Any CPU.ActiveCfg = Release|Any CPU
		{73AF2F40-7E58-480A-A4A3-AA4ABBCDB0FA}.Release|Any CPU.Build.0 = Release|Any CPU
		{04FC8C2C-607D-4402-B2BA-9734DE64E3C3}.Debug|Any CPU.ActiveCfg = Debug|Any CPU
		{04FC8C2C-607D-4402-B2BA-9734DE64E3C3}.Debug|Any CPU.Build.0 = Debug|Any CPU
		{04FC8C2C-607D-4402-B2BA-9734DE64E3C3}.Release|Any CPU.ActiveCfg = Release|Any CPU
		{04FC8C2C-607D-4402-B2BA-9734DE64E3C3}.Release|Any CPU.Build.0 = Release|Any CPU
		{51123FC9-AF8E-4555-91B7-0E5FDE039A67}.Debug|Any CPU.ActiveCfg = Debug|Any CPU
		{51123FC9-AF8E-4555-91B7-0E5FDE039A67}.Debug|Any CPU.Build.0 = Debug|Any CPU
		{51123FC9-AF8E-4555-91B7-0E5FDE039A67}.Release|Any CPU.ActiveCfg = Release|Any CPU
		{51123FC9-AF8E-4555-91B7-0E5FDE039A67}.Release|Any CPU.Build.0 = Release|Any CPU
	EndGlobalSection
EndGlobal
